
Microsoft Visual Studio Solution File, Format Version 12.00
Project("{FAE04EC0-301F-11D3-BF4B-00C04F79EFBC}") = "HashFlow", "HashFlow\HashFlow.csproj", "{C86C2B64-A82A-4C7B-915E-EAB8CCA6698C}"
EndProject
Global
	GlobalSection(SolutionConfigurationPlatforms) = preSolution
		Debug|Any CPU = Debug|Any CPU
		Release|Any CPU = Release|Any CPU
	EndGlobalSection
	GlobalSection(ProjectConfigurationPlatforms) = postSolution
		{C86C2B64-A82A-4C7B-915E-EAB8CCA6698C}.Debug|Any CPU.ActiveCfg = Debug|Any CPU
		{C86C2B64-A82A-4C7B-915E-EAB8CCA6698C}.Debug|Any CPU.Build.0 = Debug|Any CPU
		{C86C2B64-A82A-4C7B-915E-EAB8CCA6698C}.Release|Any CPU.ActiveCfg = Release|Any CPU
		{C86C2B64-A82A-4C7B-915E-EAB8CCA6698C}.Release|Any CPU.Build.0 = Release|Any CPU
	EndGlobalSection
EndGlobal
